
Microsoft Visual Studio Solution File, Format Version 12.00
# Visual Studio Version 16
VisualStudioVersion = 16.0.31702.278
MinimumVisualStudioVersion = 10.0.40219.1
Project("{8BC9CEB8-8B4A-11D0-8D11-00A0C91BC942}") = "lab3pb2", "lab3pb2\lab3pb2.vcxproj", "{CAD899F6-8253-48F5-96D9-AF8B094C31FF}"
EndProject
Global
	GlobalSection(SolutionConfigurationPlatforms) = preSolution
		Debug|x64 = Debug|x64
		Debug|x86 = Debug|x86
		Release|x64 = Release|x64
		Release|x86 = Release|x86
	EndGlobalSection
	GlobalSection(ProjectConfigurationPlatforms) = postSolution
		{CAD899F6-8253-48F5-96D9-AF8B094C31FF}.Debug|x64.ActiveCfg = Debug|x64
		{CAD899F6-8253-48F5-96D9-AF8B094C31FF}.Debug|x64.Build.0 = Debug|x64
		{CAD899F6-8253-48F5-96D9-AF8B094C31FF}.Debug|x86.ActiveCfg = Debug|Win32
		{CAD899F6-8253-48F5-96D9-AF8B094C31FF}.Debug|x86.Build.0 = Debug|Win32
		{CAD899F6-8253-48F5-96D9-AF8B094C31FF}.Release|x64.ActiveCfg = Release|x64
		{CAD899F6-8253-48F5-96D9-AF8B094C31FF}.Release|x64.Build.0 = Release|x64
		{CAD899F6-8253-48F5-96D9-AF8B094C31FF}.Release|x86.ActiveCfg = Release|Win32
		{CAD899F6-8253-48F5-96D9-AF8B094C31FF}.Release|x86.Build.0 = Release|Win32
	EndGlobalSection
	GlobalSection(SolutionProperties) = preSolution
		HideSolutionNode = FALSE
	EndGlobalSection
	GlobalSection(ExtensibilityGlobals) = postSolution
		SolutionGuid = {60ACCC84-57D7-4782-86DA-84467BF75E09}
	EndGlobalSection
EndGlobal
